
Microsoft Visual Studio Solution File, Format Version 12.00
# Visual Studio Version 17
VisualStudioVersion = 17.0.31903.59
MinimumVisualStudioVersion = 10.0.40219.1
Project("{FAE04EC0-301F-11D3-BF4B-00C04F79EFBC}") = "VTrade.Framework", "VTrade.Framework\VTrade.Framework.csproj", "{D3CC3A14-CB8C-4916-B4A2-5F036B937090}"
EndProject
Project("{FAE04EC0-301F-11D3-BF4B-00C04F79EFBC}") = "VTrade.Tests", "VTrade.Tests\VTrade.Tests.csproj", "{47C10A1D-115B-476D-8B3D-15731BD204F0}"
EndProject
Global
	GlobalSection(SolutionConfigurationPlatforms) = preSolution
		Debug|Any CPU = Debug|Any CPU
		Release|Any CPU = Release|Any CPU
	EndGlobalSection
	GlobalSection(ProjectConfigurationPlatforms) = postSolution
		{D3CC3A14-CB8C-4916-B4A2-5F036B937090}.Debug|Any CPU.ActiveCfg = Debug|Any CPU
		{D3CC3A14-CB8C-4916-B4A2-5F036B937090}.Debug|Any CPU.Build.0 = Debug|Any CPU
		{D3CC3A14-CB8C-4916-B4A2-5F036B937090}.Release|Any CPU.ActiveCfg = Release|Any CPU
		{D3CC3A14-CB8C-4916-B4A2-5F036B937090}.Release|Any CPU.Build.0 = Release|Any CPU
		{47C10A1D-115B-476D-8B3D-15731BD204F0}.Debug|Any CPU.ActiveCfg = Debug|Any CPU
		{47C10A1D-115B-476D-8B3D-15731BD204F0}.Debug|Any CPU.Build.0 = Debug|Any CPU
		{47C10A1D-115B-476D-8B3D-15731BD204F0}.Release|Any CPU.ActiveCfg = Release|Any CPU
		{47C10A1D-115B-476D-8B3D-15731BD204F0}.Release|Any CPU.Build.0 = Release|Any CPU
	EndGlobalSection
	GlobalSection(SolutionProperties) = preSolution
		HideSolutionNode = FALSE
	EndGlobalSection
EndGlobal
